{
  "schema_version": 2,
  "onnxruntime_version": "1.25.1",
  "native_release_tag": "thr-native-onnxruntime-v1.25.1",
  "runtime_policy": {
    "execution_provider": "CPU",
    "library_env_override": "THR_ONNXRUNTIME_LIB",
    "notes": "Release archives are self-contained. Normal thr releases consume pinned normalized runtime assets from the native runtime release; expensive source builds stay in the native-runtime workflow."
  },
  "targets": [
    {
      "target": "darwin-arm64",
      "status": "shipping",
      "os": "darwin",
      "arch": "arm64",
      "runner": "macos-latest",
      "installer": "unix",
      "source": "official-release-asset",
      "source_url": "https://github.com/microsoft/onnxruntime/releases/download/v1.25.1/onnxruntime-osx-arm64-1.25.1.tgz",
      "source_archive_sha256": "18987ec3187b5f29ba798109750f6135060560ad4e0a52678fcc753ee8fb3091",
      "source_library_path": "lib/libonnxruntime.dylib",
      "runtime_asset_name": "thr-onnxruntime_1.25.1_darwin_arm64.tar.gz",
      "runtime_asset_url": "https://github.com/Chadi00/thr/releases/download/thr-native-onnxruntime-v1.25.1/thr-onnxruntime_1.25.1_darwin_arm64.tar.gz",
      "runtime_archive_sha256": "0042b6f7badb199cf44a9ba2d3caa2a9f62ed30287db108c02f3774514900908",
      "runtime_library_path": "lib/libonnxruntime.dylib",
      "runtime_library_sha256": "8fb965cb044a02621f3f2980df40ca583e3e15f0bdbac0fa9e89b3300ef8a670",
      "license_files": [
        "LICENSE",
        "ThirdPartyNotices.txt",
        "Privacy.md"
      ]
    },
    {
      "target": "darwin-amd64",
      "status": "shipping",
      "os": "darwin",
      "arch": "amd64",
      "runner": "macos-15-intel",
      "installer": "unix",
      "source": "source-build",
      "source_repo": "https://github.com/microsoft/onnxruntime",
      "source_tag": "v1.25.1",
      "source_library_path": "build/MacOS/Release/libonnxruntime.dylib",
      "runtime_asset_name": "thr-onnxruntime_1.25.1_darwin_amd64.tar.gz",
      "runtime_asset_url": "https://github.com/Chadi00/thr/releases/download/thr-native-onnxruntime-v1.25.1/thr-onnxruntime_1.25.1_darwin_amd64.tar.gz",
      "runtime_archive_sha256": "814a9a6fdb4c1405b86005c4466240a8d0597b211108674ab60f5b722b3dd585",
      "runtime_library_path": "lib/libonnxruntime.dylib",
      "runtime_library_sha256": "2f9196d68ab4f00efa37d775aacff2e3d8fae59d1db8060c8bf174460df8ae43",
      "license_files": [
        "LICENSE",
        "ThirdPartyNotices.txt",
        "Privacy.md"
      ]
    },
    {
      "target": "linux-amd64",
      "status": "shipping",
      "os": "linux",
      "arch": "amd64",
      "runner": "ubuntu-latest",
      "installer": "unix",
      "source": "official-release-asset",
      "source_url": "https://github.com/microsoft/onnxruntime/releases/download/v1.25.1/onnxruntime-linux-x64-1.25.1.tgz",
      "source_archive_sha256": "eb566a49cfc49ef0642f809b69340b5bb656c7c4905ba873526d226f2c005816",
      "source_library_path": "lib/libonnxruntime.so",
      "runtime_asset_name": "thr-onnxruntime_1.25.1_linux_amd64.tar.gz",
      "runtime_asset_url": "https://github.com/Chadi00/thr/releases/download/thr-native-onnxruntime-v1.25.1/thr-onnxruntime_1.25.1_linux_amd64.tar.gz",
      "runtime_library_path": "lib/libonnxruntime.so",
      "runtime_library_sha256": "7a7c63fec274e9577477a0158a03a205e3ed9320b032a2df2b2a01b6ae1d3b94",
      "license_files": [
        "LICENSE",
        "ThirdPartyNotices.txt",
        "Privacy.md"
      ]
    },
    {
      "target": "linux-arm64",
      "status": "shipping",
      "os": "linux",
      "arch": "arm64",
      "runner": "ubuntu-24.04-arm",
      "installer": "unix",
      "source": "official-release-asset",
      "source_url": "https://github.com/microsoft/onnxruntime/releases/download/v1.25.1/onnxruntime-linux-aarch64-1.25.1.tgz",
      "source_archive_sha256": "daa71b56b00c4ab34798a3d96ca41a32ece4d3e302dc2386d3cca83fd4491214",
      "source_library_path": "lib/libonnxruntime.so",
      "runtime_asset_name": "thr-onnxruntime_1.25.1_linux_arm64.tar.gz",
      "runtime_asset_url": "https://github.com/Chadi00/thr/releases/download/thr-native-onnxruntime-v1.25.1/thr-onnxruntime_1.25.1_linux_arm64.tar.gz",
      "runtime_library_path": "lib/libonnxruntime.so",
      "runtime_library_sha256": "e34095ad2791f1f05ed17324ede7873b4fdb4c136b3ba3f1dd5093d2e76d4192",
      "license_files": [
        "LICENSE",
        "ThirdPartyNotices.txt",
        "Privacy.md"
      ]
    },
    {
      "target": "windows-amd64",
      "status": "future",
      "os": "windows",
      "arch": "amd64",
      "runner": "windows-latest",
      "installer": "powershell",
      "source": "official-release-asset",
      "runtime_asset_name": "thr-onnxruntime_1.25.1_windows_amd64.tar.gz",
      "runtime_library_path": "lib/onnxruntime.dll"
    },
    {
      "target": "windows-arm64",
      "status": "future",
      "os": "windows",
      "arch": "arm64",
      "runner": "windows-11-arm",
      "installer": "powershell",
      "source": "official-release-asset",
      "runtime_asset_name": "thr-onnxruntime_1.25.1_windows_arm64.tar.gz",
      "runtime_library_path": "lib/onnxruntime.dll"
    }
  ]
}
